github.com/bertoort/sugoku v0.0.0-20190724210943-a8e77f41db2d h1:id+Huo+i5ynEWEXlOoPcjVTg7jxJ0j7IDZSc7wOwsv4=
github.com/bertoort/sugoku v0.0.0-20190724210943-a8e77f41db2d/go.mod h1:5+MC9fprFJi+etYxn9J/3MkJsSPOhWB1utR8SRSw9jM=
github.com/gin-gonic/gin v0.0.0-20150816163941-704d690ac0e2 h1:oz3wRzIE7wlOdIkPAznFCaYNVZgWICjZ4YV5lOZ6MXA=
github.com/gin-gonic/gin v0.0.0-20150816163941-704d690ac0e2/go.mod h1:7cKuhb5qV2ggCFctp2fJQ+ErvciLZrIeoOSOm6mUr7Y=
github.com/manucorporat/sse v0.0.0-20150715184805-fe6ea2c8e398 h1:dpbqQadB3NxFdAIk2VxZKXGDDGzle12DjOL3arqwhTM=
github.com/manucorporat/sse v0.0.0-20150715184805-fe6ea2c8e398/go.mod h1:zUx1mhth20V3VKgL5jbd1BSQcW4Fy6Qs4PZvQwRFwzM=
github.com/mattn/go-colorable v0.0.0-20150625154642-40e4aedc8fab h1:3lgod/2wdM8WaJNBe16LkFmrz2XkXbH2YhbRWh38W9U=
github.com/mattn/go-colorable v0.0.0-20150625154642-40e4aedc8fab/go.mod h1:9vuHe8Xs5qXnSaW/c/ABM9alt+Vo+STaOChaDxuIBZU=
github.com/mattn/go-isatty v0.0.16 h1:bq3VjFmv/sOjHtdEhmkEV4x1AJtvUvOJ2PFAZ5+peKQ=
github.com/mattn/go-isatty v0.0.16/go.mod h1:kYGgaQfpe5nmfYZH+SKPsOc2e4SrIfOl2e/yFXSvRLM=
golang.org/x/net v0.0.0-20151120032300-5627bad10b82 h1:X8gRGEvkiSZSZElCD9LGgCL+t3jvVyf+HMUOEnksnok=
golang.org/x/net v0.0.0-20151120032300-5627bad10b82/go.mod h1:mL1N/T3taQHkDXs73rZJwtUhF3w3ftmwwsq0BUmARs4=
golang.org/x/sys v0.0.0-20220811171246-fbc7d0a398ab h1:2QkjZIsXupsJbJIdSjjUOgWK3aEtzyuh2mPt3l/CkeU=
golang.org/x/sys v0.0.0-20220811171246-fbc7d0a398ab/go.mod h1:oPkhp1MJrh7nUepCBck5+mAzfO9JrbApNNgaTdGDITg=
gopkg.in/bluesuncorp/validator.v5 v5.10.4-0.20150804013332-98121ac23ff3 h1:WIVhny5NNl+PaXZ4b0rWDETWNEsHMgI7xgD+fUbErIA=
gopkg.in/bluesuncorp/validator.v5 v5.10.4-0.20150804013332-98121ac23ff3/go.mod h1:ScQmud/GM3iSR85jRE+8BI8E8oFv5oj4qyd5Xaw7hgE=
